
Microsoft Visual Studio Solution File, Format Version 12.00
# Visual Studio Version 16
VisualStudioVersion = 16.0.30011.22
MinimumVisualStudioVersion = 10.0.40219.1
Project("{FAE04EC0-301F-11D3-BF4B-00C04F79EFBC}") = "Solucion.Consola", "Solucion.Consola\Solucion.Consola.csproj", "{E237A772-513D-44DE-A1BD-2FE7BC7F5E2A}"
EndProject
Project("{FAE04EC0-301F-11D3-BF4B-00C04F79EFBC}") = "Solucion.LibreriaNegocio", "Solucion.LibreriaNegocio\Solucion.LibreriaNegocio.csproj", "{39FDE6A0-EFA7-4015-8AE0-DB9516CB2089}"
EndProject
Project("{FAE04EC0-301F-11D3-BF4B-00C04F79EFBC}") = "Solucion.Forms", "Solucion.Forms\Solucion.Forms.csproj", "{1C9F379C-051F-4D02-B355-3AC5D4DEC8E9}"
EndProject
Global
	GlobalSection(SolutionConfigurationPlatforms) = preSolution
		Debug|Any CPU = Debug|Any CPU
		Release|Any CPU = Release|Any CPU
	EndGlobalSection
	GlobalSection(ProjectConfigurationPlatforms) = postSolution
		{E237A772-513D-44DE-A1BD-2FE7BC7F5E2A}.Debug|Any CPU.ActiveCfg = Debug|Any CPU
		{E237A772-513D-44DE-A1BD-2FE7BC7F5E2A}.Debug|Any CPU.Build.0 = Debug|Any CPU
		{E237A772-513D-44DE-A1BD-2FE7BC7F5E2A}.Release|Any CPU.ActiveCfg = Release|Any CPU
		{E237A772-513D-44DE-A1BD-2FE7BC7F5E2A}.Release|Any CPU.Build.0 = Release|Any CPU
		{39FDE6A0-EFA7-4015-8AE0-DB9516CB2089}.Debug|Any CPU.ActiveCfg = Debug|Any CPU
		{39FDE6A0-EFA7-4015-8AE0-DB9516CB2089}.Debug|Any CPU.Build.0 = Debug|Any CPU
		{39FDE6A0-EFA7-4015-8AE0-DB9516CB2089}.Release|Any CPU.ActiveCfg = Release|Any CPU
		{39FDE6A0-EFA7-4015-8AE0-DB9516CB2089}.Release|Any CPU.Build.0 = Release|Any CPU
		{1C9F379C-051F-4D02-B355-3AC5D4DEC8E9}.Debug|Any CPU.ActiveCfg = Debug|Any CPU
		{1C9F379C-051F-4D02-B355-3AC5D4DEC8E9}.Debug|Any CPU.Build.0 = Debug|Any CPU
		{1C9F379C-051F-4D02-B355-3AC5D4DEC8E9}.Release|Any CPU.ActiveCfg = Release|Any CPU
		{1C9F379C-051F-4D02-B355-3AC5D4DEC8E9}.Release|Any CPU.Build.0 = Release|Any CPU
	EndGlobalSection
	GlobalSection(SolutionProperties) = preSolution
		HideSolutionNode = FALSE
	EndGlobalSection
	GlobalSection(ExtensibilityGlobals) = postSolution
		SolutionGuid = {5BB783D3-04A5-4A65-8EB2-BF90FB2E456E}
	EndGlobalSection
EndGlobal
